
Microsoft Visual Studio Solution File, Format Version 12.00
# Visual Studio Version 16
VisualStudioVersion = 16.0.29709.97
MinimumVisualStudioVersion = 10.0.40219.1
Project("{9A19103F-16F7-4668-BE54-9A1E7A4F7556}") = "Archia.WebApi", "src\Archia.WebApi\Archia.WebApi.csproj", "{C4DB0CF3-6489-4DD4-8627-567D22903BAB}"
EndProject
Project("{FAE04EC0-301F-11D3-BF4B-00C04F79EFBC}") = "Archia.Utils", "src\Archia.Utils\Archia.Utils.csproj", "{B8DA2A51-F5CE-41B2-B179-65F6EBD1A8F5}"
EndProject
Project("{FAE04EC0-301F-11D3-BF4B-00C04F79EFBC}") = "Archia.Data.Entities", "src\Archia.Data.Entities\Archia.Data.Entities.csproj", "{147DCA5B-48DD-4E8F-9AAA-72DC84A68994}"
EndProject
Project("{FAE04EC0-301F-11D3-BF4B-00C04F79EFBC}") = "Archia.Data.Migrations", "src\Archia.Data.Migrations\Archia.Data.Migrations.csproj", "{E67EDA8A-2C9D-41D1-B701-D6C4CE615F9F}"
EndProject
Project("{FAE04EC0-301F-11D3-BF4B-00C04F79EFBC}") = "Archia.Data.Services", "src\Archia.Data.Services\Archia.Data.Services.csproj", "{896C15C4-92E9-4CC7-A21A-EC026C4EDCD5}"
EndProject
Global
	GlobalSection(SolutionConfigurationPlatforms) = preSolution
		Debug|Any CPU = Debug|Any CPU
		Release|Any CPU = Release|Any CPU
	EndGlobalSection
	GlobalSection(ProjectConfigurationPlatforms) = postSolution
		{C4DB0CF3-6489-4DD4-8627-567D22903BAB}.Debug|Any CPU.ActiveCfg = Debug|Any CPU
		{C4DB0CF3-6489-4DD4-8627-567D22903BAB}.Debug|Any CPU.Build.0 = Debug|Any CPU
		{C4DB0CF3-6489-4DD4-8627-567D22903BAB}.Release|Any CPU.ActiveCfg = Release|Any CPU
		{C4DB0CF3-6489-4DD4-8627-567D22903BAB}.Release|Any CPU.Build.0 = Release|Any CPU
		{B8DA2A51-F5CE-41B2-B179-65F6EBD1A8F5}.Debug|Any CPU.ActiveCfg = Debug|Any CPU
		{B8DA2A51-F5CE-41B2-B179-65F6EBD1A8F5}.Debug|Any CPU.Build.0 = Debug|Any CPU
		{B8DA2A51-F5CE-41B2-B179-65F6EBD1A8F5}.Release|Any CPU.ActiveCfg = Release|Any CPU
		{B8DA2A51-F5CE-41B2-B179-65F6EBD1A8F5}.Release|Any CPU.Build.0 = Release|Any CPU
		{147DCA5B-48DD-4E8F-9AAA-72DC84A68994}.Debug|Any CPU.ActiveCfg = Debug|Any CPU
		{147DCA5B-48DD-4E8F-9AAA-72DC84A68994}.Debug|Any CPU.Build.0 = Debug|Any CPU
		{147DCA5B-48DD-4E8F-9AAA-72DC84A68994}.Release|Any CPU.ActiveCfg = Release|Any CPU
		{147DCA5B-48DD-4E8F-9AAA-72DC84A68994}.Release|Any CPU.Build.0 = Release|Any CPU
		{E67EDA8A-2C9D-41D1-B701-D6C4CE615F9F}.Debug|Any CPU.ActiveCfg = Debug|Any CPU
		{E67EDA8A-2C9D-41D1-B701-D6C4CE615F9F}.Debug|Any CPU.Build.0 = Debug|Any CPU
		{E67EDA8A-2C9D-41D1-B701-D6C4CE615F9F}.Release|Any CPU.ActiveCfg = Release|Any CPU
		{E67EDA8A-2C9D-41D1-B701-D6C4CE615F9F}.Release|Any CPU.Build.0 = Release|Any CPU
		{896C15C4-92E9-4CC7-A21A-EC026C4EDCD5}.Debug|Any CPU.ActiveCfg = Debug|Any CPU
		{896C15C4-92E9-4CC7-A21A-EC026C4EDCD5}.Debug|Any CPU.Build.0 = Debug|Any CPU
		{896C15C4-92E9-4CC7-A21A-EC026C4EDCD5}.Release|Any CPU.ActiveCfg = Release|Any CPU
		{896C15C4-92E9-4CC7-A21A-EC026C4EDCD5}.Release|Any CPU.Build.0 = Release|Any CPU
	EndGlobalSection
	GlobalSection(SolutionProperties) = preSolution
		HideSolutionNode = FALSE
	EndGlobalSection
	GlobalSection(ExtensibilityGlobals) = postSolution
		SolutionGuid = {4FA5563A-7BA1-4783-A24E-19BB8680D882}
	EndGlobalSection
EndGlobal
